Microsoft Visual Studio Solution File, Format Version 12.00
# Visual Studio Version 18
VisualStudioVersion = 18.2.11415.280
MinimumVisualStudioVersion = 10.0.40219.1
Project("{8BC9CEB8-8B4A-11D0-8D11-00A0C91BC942}") = "DIME", "DIME.vcxproj", "{0C8FE010-5146-44D8-AF99-82702C15FEA5}"
EndProject
Project("{8BC9CEB8-8B4A-11D0-8D11-00A0C91BC942}") = "DIMESettings", "DIMESettings\DIMESettings.vcxproj", "{9F5017ED-34B2-4B01-8D92-EF3D8BFC427A}"
EndProject
Project("{C7167F0D-BC9F-4E6E-AFE1-012C56B48DB5}") = "DIME.Packaging", "DIME.Packaging\DIME.Packaging.wapproj", "{64CB19AC-462B-420A-BEB3-D6B983425A72}"
EndProject
Global
	GlobalSection(SolutionConfigurationPlatforms) = preSolution
		Debug|Any CPU = Debug|Any CPU
		Debug|ARM = Debug|ARM
		Debug|ARM64 = Debug|ARM64
		Debug|ARM64EC = Debug|ARM64EC
		Debug|Win32 = Debug|Win32
		Debug|x64 = Debug|x64
		Release|Any CPU = Release|Any CPU
		Release|ARM = Release|ARM
		Release|ARM64 = Release|ARM64
		Release|ARM64EC = Release|ARM64EC
		Release|Win32 = Release|Win32
		Release|x64 = Release|x64
	EndGlobalSection
	GlobalSection(ProjectConfigurationPlatforms) = postSolution
		{0C8FE010-5146-44D8-AF99-82702C15FEA5}.Debug|Any CPU.ActiveCfg = Debug|x64
		{0C8FE010-5146-44D8-AF99-82702C15FEA5}.Debug|Any CPU.Build.0 = Debug|x64
		{0C8FE010-5146-44D8-AF99-82702C15FEA5}.Debug|ARM.ActiveCfg = Debug|x64
		{0C8FE010-5146-44D8-AF99-82702C15FEA5}.Debug|ARM.Build.0 = Debug|x64
		{0C8FE010-5146-44D8-AF99-82702C15FEA5}.Debug|ARM64.ActiveCfg = Debug|ARM64
		{0C8FE010-5146-44D8-AF99-82702C15FEA5}.Debug|ARM64.Build.0 = Debug|ARM64
		{0C8FE010-5146-44D8-AF99-82702C15FEA5}.Debug|ARM64EC.ActiveCfg = Debug|ARM64EC
		{0C8FE010-5146-44D8-AF99-82702C15FEA5}.Debug|ARM64EC.Build.0 = Debug|ARM64EC
		{0C8FE010-5146-44D8-AF99-82702C15FEA5}.Debug|Win32.ActiveCfg = Debug|Win32
		{0C8FE010-5146-44D8-AF99-82702C15FEA5}.Debug|x64.ActiveCfg = Debug|x64
		{0C8FE010-5146-44D8-AF99-82702C15FEA5}.Debug|x64.Build.0 = Debug|x64
		{0C8FE010-5146-44D8-AF99-82702C15FEA5}.Release|Any CPU.ActiveCfg = Release|x64
		{0C8FE010-5146-44D8-AF99-82702C15FEA5}.Release|ARM.ActiveCfg = Release|x64
		{0C8FE010-5146-44D8-AF99-82702C15FEA5}.Release|ARM.Build.0 = Release|x64
		{0C8FE010-5146-44D8-AF99-82702C15FEA5}.Release|ARM64.ActiveCfg = Release|ARM64
		{0C8FE010-5146-44D8-AF99-82702C15FEA5}.Release|ARM64.Build.0 = Release|ARM64
		{0C8FE010-5146-44D8-AF99-82702C15FEA5}.Release|ARM64EC.ActiveCfg = Release|ARM64EC
		{0C8FE010-5146-44D8-AF99-82702C15FEA5}.Release|ARM64EC.Build.0 = Release|ARM64EC
		{0C8FE010-5146-44D8-AF99-82702C15FEA5}.Release|Win32.ActiveCfg = Release|Win32
		{0C8FE010-5146-44D8-AF99-82702C15FEA5}.Release|x64.ActiveCfg = Release|x64
		{0C8FE010-5146-44D8-AF99-82702C15FEA5}.Release|x64.Build.0 = Release|x64
		{9F5017ED-34B2-4B01-8D92-EF3D8BFC427A}.Debug|Any CPU.ActiveCfg = Debug|Win32
		{9F5017ED-34B2-4B01-8D92-EF3D8BFC427A}.Debug|Any CPU.Build.0 = Debug|Win32
		{9F5017ED-34B2-4B01-8D92-EF3D8BFC427A}.Debug|ARM.ActiveCfg = Debug|Win32
		{9F5017ED-34B2-4B01-8D92-EF3D8BFC427A}.Debug|ARM.Build.0 = Debug|Win32
		{9F5017ED-34B2-4B01-8D92-EF3D8BFC427A}.Debug|ARM64.ActiveCfg = Debug|Win32
		{9F5017ED-34B2-4B01-8D92-EF3D8BFC427A}.Debug|ARM64EC.ActiveCfg = Debug|Win32
		{9F5017ED-34B2-4B01-8D92-EF3D8BFC427A}.Debug|Win32.ActiveCfg = Debug|Win32
		{9F5017ED-34B2-4B01-8D92-EF3D8BFC427A}.Debug|Win32.Build.0 = Debug|Win32
		{9F5017ED-34B2-4B01-8D92-EF3D8BFC427A}.Debug|x64.ActiveCfg = Debug|Win32
		{9F5017ED-34B2-4B01-8D92-EF3D8BFC427A}.Release|Any CPU.ActiveCfg = Release|Win32
		{9F5017ED-34B2-4B01-8D92-EF3D8BFC427A}.Release|ARM.ActiveCfg = Release|Win32
		{9F5017ED-34B2-4B01-8D92-EF3D8BFC427A}.Release|ARM.Build.0 = Release|Win32
		{9F5017ED-34B2-4B01-8D92-EF3D8BFC427A}.Release|ARM64.ActiveCfg = Release|Win32
		{9F5017ED-34B2-4B01-8D92-EF3D8BFC427A}.Release|ARM64EC.ActiveCfg = Release|Win32
		{9F5017ED-34B2-4B01-8D92-EF3D8BFC427A}.Release|Win32.ActiveCfg = Release|Win32
		{9F5017ED-34B2-4B01-8D92-EF3D8BFC427A}.Release|Win32.Build.0 = Release|Win32
		{9F5017ED-34B2-4B01-8D92-EF3D8BFC427A}.Release|x64.ActiveCfg = Release|Win32
		{9F5017ED-34B2-4B01-8D92-EF3D8BFC427A}.Release|x64.Build.0 = Release|Win32
		{64CB19AC-462B-420A-BEB3-D6B983425A72}.Debug|Any CPU.ActiveCfg = Debug|x64
		{64CB19AC-462B-420A-BEB3-D6B983425A72}.Debug|Any CPU.Build.0 = Debug|x64
		{64CB19AC-462B-420A-BEB3-D6B983425A72}.Debug|Any CPU.Deploy.0 = Debug|x64
		{64CB19AC-462B-420A-BEB3-D6B983425A72}.Debug|ARM.ActiveCfg = Debug|x64
		{64CB19AC-462B-420A-BEB3-D6B983425A72}.Debug|ARM.Build.0 = Debug|x64
		{64CB19AC-462B-420A-BEB3-D6B983425A72}.Debug|ARM.Deploy.0 = Debug|x64
		{64CB19AC-462B-420A-BEB3-D6B983425A72}.Debug|ARM64.ActiveCfg = Debug|ARM64
		{64CB19AC-462B-420A-BEB3-D6B983425A72}.Debug|ARM64.Build.0 = Debug|ARM64
		{64CB19AC-462B-420A-BEB3-D6B983425A72}.Debug|ARM64.Deploy.0 = Debug|ARM64
		{64CB19AC-462B-420A-BEB3-D6B983425A72}.Debug|ARM64EC.ActiveCfg = Debug|x64
		{64CB19AC-462B-420A-BEB3-D6B983425A72}.Debug|ARM64EC.Build.0 = Debug|x64
		{64CB19AC-462B-420A-BEB3-D6B983425A72}.Debug|ARM64EC.Deploy.0 = Debug|x64
		{64CB19AC-462B-420A-BEB3-D6B983425A72}.Debug|Win32.ActiveCfg = Debug|x86
		{64CB19AC-462B-420A-BEB3-D6B983425A72}.Debug|Win32.Build.0 = Debug|x86
		{64CB19AC-462B-420A-BEB3-D6B983425A72}.Debug|Win32.Deploy.0 = Debug|x86
		{64CB19AC-462B-420A-BEB3-D6B983425A72}.Debug|x64.ActiveCfg = Debug|x64
		{64CB19AC-462B-420A-BEB3-D6B983425A72}.Debug|x64.Build.0 = Debug|x64
		{64CB19AC-462B-420A-BEB3-D6B983425A72}.Debug|x64.Deploy.0 = Debug|x64
		{64CB19AC-462B-420A-BEB3-D6B983425A72}.Release|Any CPU.ActiveCfg = Release|x64
		{64CB19AC-462B-420A-BEB3-D6B983425A72}.Release|ARM.ActiveCfg = Release|x64
		{64CB19AC-462B-420A-BEB3-D6B983425A72}.Release|ARM.Build.0 = Release|x64
		{64CB19AC-462B-420A-BEB3-D6B983425A72}.Release|ARM.Deploy.0 = Release|x64
		{64CB19AC-462B-420A-BEB3-D6B983425A72}.Release|ARM64.ActiveCfg = Release|ARM64
		{64CB19AC-462B-420A-BEB3-D6B983425A72}.Release|ARM64.Build.0 = Release|ARM64
		{64CB19AC-462B-420A-BEB3-D6B983425A72}.Release|ARM64.Deploy.0 = Release|ARM64
		{64CB19AC-462B-420A-BEB3-D6B983425A72}.Release|ARM64EC.ActiveCfg = Release|ARM64
		{64CB19AC-462B-420A-BEB3-D6B983425A72}.Release|ARM64EC.Build.0 = Release|ARM64
		{64CB19AC-462B-420A-BEB3-D6B983425A72}.Release|ARM64EC.Deploy.0 = Release|ARM64
		{64CB19AC-462B-420A-BEB3-D6B983425A72}.Release|Win32.ActiveCfg = Release|x86
		{64CB19AC-462B-420A-BEB3-D6B983425A72}.Release|Win32.Build.0 = Release|x86
		{64CB19AC-462B-420A-BEB3-D6B983425A72}.Release|Win32.Deploy.0 = Release|x86
		{64CB19AC-462B-420A-BEB3-D6B983425A72}.Release|x64.ActiveCfg = Release|x64
		{64CB19AC-462B-420A-BEB3-D6B983425A72}.Release|x64.Build.0 = Release|x64
		{64CB19AC-462B-420A-BEB3-D6B983425A72}.Release|x64.Deploy.0 = Release|x64
	EndGlobalSection
	GlobalSection(SolutionProperties) = preSolution
		HideSolutionNode = FALSE
	EndGlobalSection
	GlobalSection(ExtensibilityGlobals) = postSolution
		SolutionGuid = {B633616F-992B-465B-98E2-10313D03B41B}
	EndGlobalSection
EndGlobal
