<?xml version="1.0" encoding="utf-8"?>
<Project ToolsVersion="4.0" xmlns="http://schemas.microsoft.com/developer/msbuild/2003">
  <ItemGroup>
    <Filter Include="Source Files">
      <UniqueIdentifier>{4FC737F1-C7A5-4376-A066-2A32D752A2FF}</UniqueIdentifier>
      <Extensions>cpp;c;cc;cxx;def;odl;idl;hpj;bat;asm;asmx</Extensions>
    </Filter>
    <Filter Include="Header Files">
      <UniqueIdentifier>{93995380-89BD-4b04-88EB-625FBE52EBFB}</UniqueIdentifier>
      <Extensions>h;hpp;hxx;hm;inl;inc;xsd</Extensions>
    </Filter>
    <Filter Include="Resource Files">
      <UniqueIdentifier>{67DA6AB6-F800-4c08-8B7A-83BB121AAD01}</UniqueIdentifier>
      <Extensions>rc;ico;cur;bmp;dlg;rc2;rct;bin;rgs;gif;jpg;jpeg;jpe;resx;tiff;tif;png;wav;mfcribbon-ms</Extensions>
    </Filter>
    <Filter Include="Source Files\DLL">
      <UniqueIdentifier>{a367038d-4951-4ca3-b64a-dd4e254b3b3c}</UniqueIdentifier>
    </Filter>
    <Filter Include="Source Files\Framework">
      <UniqueIdentifier>{9a5abf50-5cc5-41d4-a67b-9dc3a6a7e8c8}</UniqueIdentifier>
    </Filter>
    <Filter Include="Source Files\Framework\Composition">
      <UniqueIdentifier>{798856de-69d9-4698-9f52-8ae36ad43449}</UniqueIdentifier>
    </Filter>
    <Filter Include="Source Files\Framework\Composition\Display">
      <UniqueIdentifier>{1a80ba50-d93b-4a60-972f-3d7bf4d72fc0}</UniqueIdentifier>
    </Filter>
    <Filter Include="Source Files\Framework\LanguageBar">
      <UniqueIdentifier>{b5decd04-2d7f-4134-bbcf-9cb601f78322}</UniqueIdentifier>
    </Filter>
    <Filter Include="Source Files\Framework\Composition\Dictionary">
      <UniqueIdentifier>{1f776a05-57d4-4932-bfd7-bdbd516c8cc6}</UniqueIdentifier>
    </Filter>
    <Filter Include="Source Files\UI">
      <UniqueIdentifier>{4f0b1137-faa2-40de-8bf5-0a32f764b257}</UniqueIdentifier>
    </Filter>
    <Filter Include="Source Files\UI\Candidate">
      <UniqueIdentifier>{0fb4053f-2bb9-491d-90b0-47a3b5b41135}</UniqueIdentifier>
    </Filter>
    <Filter Include="Source Files\UI\NotifyWindow">
      <UniqueIdentifier>{6a37624e-fbca-42cc-a414-c390a08e1ff1}</UniqueIdentifier>
    </Filter>
    <Filter Include="Source Files\Configuration">
      <UniqueIdentifier>{48586160-0527-48f2-aedd-ea9cd7773da9}</UniqueIdentifier>
    </Filter>
    <Filter Include="Source Files\Framework\Composition\CompositionEngine">
      <UniqueIdentifier>{be47d1ab-bedd-4d3d-b929-b5ed30cb06fd}</UniqueIdentifier>
    </Filter>
    <Filter Include="Source Files\Framework\Composition\ReverseConversion">
      <UniqueIdentifier>{7f3f60b0-0a73-4e36-bc8f-bcf4a41b09dd}</UniqueIdentifier>
    </Filter>
  </ItemGroup>
  <ItemGroup>
    <None Include="image\ImeModeOn.ico">
      <Filter>Resource Files</Filter>
    </None>
    <None Include="image\ImeModeOff.ico">
      <Filter>Resource Files</Filter>
    </None>
    <None Include="image\DoubleSingleByteOn.ico">
      <Filter>Resource Files</Filter>
    </None>
    <None Include="image\DoubleSingleByteOff.ico">
      <Filter>Resource Files</Filter>
    </None>
    <None Include="DIME.def">
      <Filter>Source Files</Filter>
    </None>
  </ItemGroup>
  <ItemGroup>
    <ClInclude Include="BaseWindow.h">
      <Filter>Header Files</Filter>
    </ClInclude>
    <ClInclude Include="ButtonWindow.h">
      <Filter>Header Files</Filter>
    </ClInclude>
    <ClInclude Include="CandidateWindow.h">
      <Filter>Header Files</Filter>
    </ClInclude>
    <ClInclude Include="Compartment.h">
      <Filter>Header Files</Filter>
    </ClInclude>
    <ClInclude Include="CompositionProcessorEngine.h">
      <Filter>Header Files</Filter>
    </ClInclude>
    <ClInclude Include="DictionaryParser.h">
      <Filter>Header Files</Filter>
    </ClInclude>
    <ClInclude Include="DictionarySearch.h">
      <Filter>Header Files</Filter>
    </ClInclude>
    <ClInclude Include="DisplayAttributeInfo.h">
      <Filter>Header Files</Filter>
    </ClInclude>
    <ClInclude Include="EditSession.h">
      <Filter>Header Files</Filter>
    </ClInclude>
    <ClInclude Include="EnumDisplayAttributeInfo.h">
      <Filter>Header Files</Filter>
    </ClInclude>
    <ClInclude Include="File.h">
      <Filter>Header Files</Filter>
    </ClInclude>
    <ClInclude Include="GetTextExtentEditSession.h">
      <Filter>Header Files</Filter>
    </ClInclude>
    <ClInclude Include="Globals.h">
      <Filter>Header Files</Filter>
    </ClInclude>
    <ClInclude Include="KeyHandlerEditSession.h">
      <Filter>Header Files</Filter>
    </ClInclude>
    <ClInclude Include="LanguageBar.h">
      <Filter>Header Files</Filter>
    </ClInclude>
    <ClInclude Include="Private.h">
      <Filter>Header Files</Filter>
    </ClInclude>
    <ClInclude Include="RegKey.h">
      <Filter>Header Files</Filter>
    </ClInclude>
    <ClInclude Include="resource.h">
      <Filter>Header Files</Filter>
    </ClInclude>
    <ClInclude Include="ScrollBarWindow.h">
      <Filter>Header Files</Filter>
    </ClInclude>
    <ClInclude Include="ShadowWindow.h">
      <Filter>Header Files</Filter>
    </ClInclude>
    <ClInclude Include="TableDictionaryEngine.h">
      <Filter>Header Files</Filter>
    </ClInclude>
    <ClInclude Include="TfInputProcessorProfile.h">
      <Filter>Header Files</Filter>
    </ClInclude>
    <ClInclude Include="TfTextLayoutSink.h">
      <Filter>Header Files</Filter>
    </ClInclude>
    <ClInclude Include="SearchCandidateProvider.h">
      <Filter>Header Files</Filter>
    </ClInclude>
    <ClInclude Include="TipCandidateList.h">
      <Filter>Header Files</Filter>
    </ClInclude>
    <ClInclude Include="EnumTfCandidates.h">
      <Filter>Header Files</Filter>
    </ClInclude>
    <ClInclude Include="TipCandidateString.h">
      <Filter>Header Files</Filter>
    </ClInclude>
    <ClInclude Include="KeyStateCategory.h">
      <Filter>Header Files</Filter>
    </ClInclude>
    <ClInclude Include="stdafx.h">
      <Filter>Header Files</Filter>
    </ClInclude>
    <ClInclude Include="CandidateListUIPresenter.h">
      <Filter>Header Files</Filter>
    </ClInclude>
    <ClInclude Include="define.h">
      <Filter>Header Files</Filter>
    </ClInclude>
    <ClInclude Include="BaseStructure.h">
      <Filter>Header Files</Filter>
    </ClInclude>
    <ClInclude Include="UIPresenter.h">
      <Filter>Header Files</Filter>
    </ClInclude>
    <ClInclude Include="DisplayString.h">
      <Filter>Header Files</Filter>
    </ClInclude>
    <ClInclude Include="NotifyWindow.h">
      <Filter>Header Files</Filter>
    </ClInclude>
    <ClInclude Include="DIME.h">
      <Filter>Header Files</Filter>
    </ClInclude>
    <ClInclude Include="DIMEStructureArray.h">
      <Filter>Header Files</Filter>
    </ClInclude>
    <ClInclude Include="ReverseConversionProvider.h">
      <Filter>Header Files</Filter>
    </ClInclude>
    <ClInclude Include="PhoneticComposition.h">
      <Filter>Header Files</Filter>
    </ClInclude>
    <ClInclude Include="Config.h">
      <Filter>Header Files</Filter>
    </ClInclude>
  </ItemGroup>
  <ItemGroup>
    <ClCompile Include="DictionaryParser.cpp">
      <Filter>Source Files\Framework\Composition\Dictionary</Filter>
    </ClCompile>
    <ClCompile Include="DictionarySearch.cpp">
      <Filter>Source Files\Framework\Composition\Dictionary</Filter>
    </ClCompile>
    <ClCompile Include="CandidateWindow.cpp">
      <Filter>Source Files\UI\Candidate</Filter>
    </ClCompile>
    <ClCompile Include="File.cpp">
      <Filter>Source Files\Framework\Composition\Dictionary</Filter>
    </ClCompile>
    <ClCompile Include="TipCandidateString.cpp">
      <Filter>Source Files\UI\Candidate</Filter>
    </ClCompile>
    <ClCompile Include="TipCandidateList.cpp">
      <Filter>Source Files\UI\Candidate</Filter>
    </ClCompile>
    <ClCompile Include="TableDictionaryEngine.cpp">
      <Filter>Source Files\Framework\Composition\Dictionary</Filter>
    </ClCompile>
    <ClCompile Include="Compartment.cpp">
      <Filter>Source Files\Framework\LanguageBar</Filter>
    </ClCompile>
    <ClCompile Include="LanguageBar.cpp">
      <Filter>Source Files\Framework\LanguageBar</Filter>
    </ClCompile>
    <ClCompile Include="Register.cpp">
      <Filter>Source Files\DLL</Filter>
    </ClCompile>
    <ClCompile Include="DllMain.cpp">
      <Filter>Source Files\DLL</Filter>
    </ClCompile>
    <ClCompile Include="SearchCandidateProvider.cpp">
      <Filter>Source Files\UI\Candidate</Filter>
    </ClCompile>
    <ClCompile Include="EnumTfCandidates.cpp">
      <Filter>Source Files\UI\Candidate</Filter>
    </ClCompile>
    <ClCompile Include="RegKey.cpp">
      <Filter>Source Files\DLL</Filter>
    </ClCompile>
    <ClCompile Include="Server.cpp">
      <Filter>Source Files\DLL</Filter>
    </ClCompile>
    <ClCompile Include="Composition.cpp">
      <Filter>Source Files\Framework\Composition</Filter>
    </ClCompile>
    <ClCompile Include="EndComposition.cpp">
      <Filter>Source Files\Framework\Composition</Filter>
    </ClCompile>
    <ClCompile Include="DisplayAttributeInfo.cpp">
      <Filter>Source Files\Framework\Composition\Display</Filter>
    </ClCompile>
    <ClCompile Include="DisplayAttributeProvider.cpp">
      <Filter>Source Files\Framework\Composition\Display</Filter>
    </ClCompile>
    <ClCompile Include="EnumDisplayAttributeInfo.cpp">
      <Filter>Source Files\Framework\Composition\Display</Filter>
    </ClCompile>
    <ClCompile Include="EditSession.cpp">
      <Filter>Source Files\Framework\Composition</Filter>
    </ClCompile>
    <ClCompile Include="StartComposition.cpp">
      <Filter>Source Files\Framework\Composition</Filter>
    </ClCompile>
    <ClCompile Include="ActiveLanguageProfileNotifySink.cpp">
      <Filter>Source Files\Framework</Filter>
    </ClCompile>
    <ClCompile Include="FunctionProviderSink.cpp">
      <Filter>Source Files\Framework</Filter>
    </ClCompile>
    <ClCompile Include="KeyEventSink.cpp">
      <Filter>Source Files\Framework</Filter>
    </ClCompile>
    <ClCompile Include="TextEditSink.cpp">
      <Filter>Source Files\Framework</Filter>
    </ClCompile>
    <ClCompile Include="ThreadFocusSink.cpp">
      <Filter>Source Files\Framework</Filter>
    </ClCompile>
    <ClCompile Include="ThreadMgrEventSink.cpp">
      <Filter>Source Files\Framework</Filter>
    </ClCompile>
    <ClCompile Include="KeyHandler.cpp">
      <Filter>Source Files\Framework\Composition</Filter>
    </ClCompile>
    <ClCompile Include="KeyHandlerEditSession.cpp">
      <Filter>Source Files\Framework\Composition</Filter>
    </ClCompile>
    <ClCompile Include="KeyStateCategory.cpp">
      <Filter>Source Files\Framework\Composition</Filter>
    </ClCompile>
    <ClCompile Include="Globals.cpp">
      <Filter>Source Files</Filter>
    </ClCompile>
    <ClCompile Include="NotifyWindow.cpp">
      <Filter>Source Files\UI\NotifyWindow</Filter>
    </ClCompile>
    <ClCompile Include="BaseWindow.cpp">
      <Filter>Source Files\UI</Filter>
    </ClCompile>
    <ClCompile Include="ShadowWindow.cpp">
      <Filter>Source Files\UI</Filter>
    </ClCompile>
    <ClCompile Include="ButtonWindow.cpp">
      <Filter>Source Files\UI</Filter>
    </ClCompile>
    <ClCompile Include="ScrollBarWindow.cpp">
      <Filter>Source Files\UI</Filter>
    </ClCompile>
    <ClCompile Include="CandidateHandler.cpp">
      <Filter>Source Files\Framework\Composition</Filter>
    </ClCompile>
    <ClCompile Include="BaseStructure.cpp">
      <Filter>Source Files</Filter>
    </ClCompile>
    <ClCompile Include="UIPresenter.cpp">
      <Filter>Source Files\UI</Filter>
    </ClCompile>
    <ClCompile Include="DIME.cpp">
      <Filter>Source Files\Framework</Filter>
    </ClCompile>
    <ClCompile Include="Config.cpp">
      <Filter>Source Files\Configuration</Filter>
    </ClCompile>
    <ClCompile Include="CompositionProcessorEngine.cpp">
      <Filter>Source Files\Framework\Composition\CompositionEngine</Filter>
    </ClCompile>
    <ClCompile Include="TfInputProcessorProfile.cpp">
      <Filter>Source Files\Framework\Composition\CompositionEngine</Filter>
    </ClCompile>
    <ClCompile Include="ReverseConversion.cpp">
      <Filter>Source Files\Framework\Composition\ReverseConversion</Filter>
    </ClCompile>
    <ClCompile Include="DisplayAttribute.cpp">
      <Filter>Source Files\Framework\Composition\Display</Filter>
    </ClCompile>
    <ClCompile Include="GetTextExtentEditSession.cpp">
      <Filter>Source Files\UI</Filter>
    </ClCompile>
    <ClCompile Include="ReverseConversionProvider.cpp">
      <Filter>Source Files\Framework\Composition\ReverseConversion</Filter>
    </ClCompile>
    <ClCompile Include="TfTextLayoutSink.cpp">
      <Filter>Source Files\Framework</Filter>
    </ClCompile>
    <ClCompile Include="ShowConfig.cpp">
      <Filter>Source Files\Configuration</Filter>
    </ClCompile>
  </ItemGroup>
  <ItemGroup>
    <Image Include="image\TSFDayi.ico">
      <Filter>Resource Files</Filter>
    </Image>
    <Image Include="image\TSFGeneric.ico">
      <Filter>Resource Files</Filter>
    </Image>
    <Image Include="image\TSFArray.ico">
      <Filter>Resource Files</Filter>
    </Image>
    <Image Include="image\TSFPhonetic.ico">
      <Filter>Resource Files</Filter>
    </Image>
  </ItemGroup>
  <ItemGroup>
    <ResourceCompile Include="DIME.rc">
      <Filter>Resource Files</Filter>
    </ResourceCompile>
  </ItemGroup>
</Project>